
Microsoft Visual Studio Solution File, Format Version 12.00
# Visual Studio Version 16
VisualStudioVersion = 16.0.32106.194
MinimumVisualStudioVersion = 10.0.40219.1
Project("{FAE04EC0-301F-11D3-BF4B-00C04F79EFBC}") = "DevOpsDemo", "DevOpsDemo\DevOpsDemo.csproj", "{E716334C-1374-41A8-A076-E2879746B36B}"
EndProject
Project("{FAE04EC0-301F-11D3-BF4B-00C04F79EFBC}") = "DevOpsDemo.Test", "DevOpsDemo.Test\DevOpsDemo.Test.csproj", "{30814479-08C0-497E-8CD3-DD57D6D2B6C9}"
EndProject
Global
	GlobalSection(SolutionConfigurationPlatforms) = preSolution
		Debug|Any CPU = Debug|Any CPU
		Release|Any CPU = Release|Any CPU
	EndGlobalSection
	GlobalSection(ProjectConfigurationPlatforms) = postSolution
		{E716334C-1374-41A8-A076-E2879746B36B}.Debug|Any CPU.ActiveCfg = Debug|Any CPU
		{E716334C-1374-41A8-A076-E2879746B36B}.Debug|Any CPU.Build.0 = Debug|Any CPU
		{E716334C-1374-41A8-A076-E2879746B36B}.Release|Any CPU.ActiveCfg = Release|Any CPU
		{E716334C-1374-41A8-A076-E2879746B36B}.Release|Any CPU.Build.0 = Release|Any CPU
		{30814479-08C0-497E-8CD3-DD57D6D2B6C9}.Debug|Any CPU.ActiveCfg = Debug|Any CPU
		{30814479-08C0-497E-8CD3-DD57D6D2B6C9}.Debug|Any CPU.Build.0 = Debug|Any CPU
		{30814479-08C0-497E-8CD3-DD57D6D2B6C9}.Release|Any CPU.ActiveCfg = Release|Any CPU
		{30814479-08C0-497E-8CD3-DD57D6D2B6C9}.Release|Any CPU.Build.0 = Release|Any CPU
	EndGlobalSection
	GlobalSection(SolutionProperties) = preSolution
		HideSolutionNode = FALSE
	EndGlobalSection
	GlobalSection(ExtensibilityGlobals) = postSolution
		SolutionGuid = {91BAED7C-8AB0-4BCB-8EE0-BBFB24169779}
	EndGlobalSection
EndGlobal
